// !$*UTF8*$!
{
	archiveVersion = 1;
	classes = {
	};
	objectVersion = 46;
	objects = {

/* Begin PBXBuildFile section */
		01CEC7111A5D76050086DDEC /* AppDelegate.m in Sources */ = {isa = PBXBuildFile; fileRef = 01CEC7101A5D76050086DDEC /* AppDelegate.m */; };
		01CEC7131A5D76050086DDEC /* main.m in Sources */ = {isa = PBXBuildFile; fileRef = 01CEC7121A5D76050086DDEC /* main.m */; };
		01CEC72F1A5D76330086DDEC /* DragDropWindow.m in Sources */ = {isa = PBXBuildFile; fileRef = 01CEC72E1A5D76330086DDEC /* DragDropWindow.m */; };
/* End PBXBuildFile section */

/* Begin PBXFileReference section */
		01CEC70A1A5D76050086DDEC /* InvisibleDragDropWindow.app */ = {isa = PBXFileReference; explicitFileType = wrapper.application; includeInIndex = 0; path = InvisibleDragDropWindow.app; sourceTree = BUILT_PRODUCTS_DIR; };
		01CEC70E1A5D76050086DDEC /* Info.plist */ = {isa = PBXFileReference; lastKnownFileType = text.plist.xml; path = Info.plist; sourceTree = "<group>"; };
		01CEC70F1A5D76050086DDEC /* AppDelegate.h */ = {isa = PBXFileReference; lastKnownFileType = sourcecode.c.h; path = AppDelegate.h; sourceTree = "<group>"; };
		01CEC7101A5D76050086DDEC /* AppDelegate.m */ = {isa = PBXFileReference; lastKnownFileType = sourcecode.c.objc; path = AppDelegate.m; sourceTree = "<group>"; };
		01CEC7121A5D76050086DDEC /* main.m */ = {isa = PBXFileReference; lastKnownFileType = sourcecode.c.objc; path = main.m; sourceTree = "<group>"; };
		01CEC72D1A5D76330086DDEC /* DragDropWindow.h */ = {isa = PBXFileReference; fileEncoding = 4; lastKnownFileType = sourcecode.c.h; path = DragDropWindow.h; sourceTree = "<group>"; };
		01CEC72E1A5D76330086DDEC /* DragDropWindow.m */ = {isa = PBXFileReference; fileEncoding = 4; lastKnownFileType = sourcecode.c.objc; path = DragDropWindow.m; sourceTree = "<group>"; };
/* End PBXFileReference section */

/* Begin PBXFrameworksBuildPhase section */
		01CEC7071A5D76050086DDEC /* Frameworks */ = {
			isa = PBXFrameworksBuildPhase;
			buildActionMask = 2147483647;
			files = (
			);
			runOnlyForDeploymentPostprocessing = 0;
		};
/* End PBXFrameworksBuildPhase section */

/* Begin PBXGroup section */
		01CEC7011A5D76050086DDEC = {
			isa = PBXGroup;
			children = (
				01CEC70C1A5D76050086DDEC /* InvisibleDragDropWindow */,
				01CEC70B1A5D76050086DDEC /* Products */,
			);
			sourceTree = "<group>";
		};
		01CEC70B1A5D76050086DDEC /* Products */ = {
			isa = PBXGroup;
			children = (
				01CEC70A1A5D76050086DDEC /* InvisibleDragDropWindow.app */,
			);
			name = Products;
			sourceTree = "<group>";
		};
		01CEC70C1A5D76050086DDEC /* InvisibleDragDropWindow */ = {
			isa = PBXGroup;
			children = (
				01CEC70F1A5D76050086DDEC /* AppDelegate.h */,
				01CEC7101A5D76050086DDEC /* AppDelegate.m */,
				01CEC72D1A5D76330086DDEC /* DragDropWindow.h */,
				01CEC72E1A5D76330086DDEC /* DragDropWindow.m */,
				01CEC70D1A5D76050086DDEC /* Supporting Files */,
			);
			path = InvisibleDragDropWindow;
			sourceTree = "<group>";
		};
		01CEC70D1A5D76050086DDEC /* Supporting Files */ = {
			isa = PBXGroup;
			children = (
				01CEC70E1A5D76050086DDEC /* Info.plist */,
				01CEC7121A5D76050086DDEC /* main.m */,
			);
			name = "Supporting Files";
			sourceTree = "<group>";
		};
/* End PBXGroup section */

/* Begin PBXNativeTarget section */
		01CEC7091A5D76050086DDEC /* InvisibleDragDropWindow */ = {
			isa = PBXNativeTarget;
			buildConfigurationList = 01CEC7271A5D76050086DDEC /* Build configuration list for PBXNativeTarget "InvisibleDragDropWindow" */;
			buildPhases = (
				01CEC7061A5D76050086DDEC /* Sources */,
				01CEC7071A5D76050086DDEC /* Frameworks */,
				01CEC7081A5D76050086DDEC /* Resources */,
			);
			buildRules = (
			);
			dependencies = (
			);
			name = InvisibleDragDropWindow;
			productName = InvisibleDragDropWindow;
			productReference = 01CEC70A1A5D76050086DDEC /* InvisibleDragDropWindow.app */;
			productType = "com.apple.product-type.application";
		};
/* End PBXNativeTarget section */

/* Begin PBXProject section */
		01CEC7021A5D76050086DDEC /* Project object */ = {
			isa = PBXProject;
			attributes = {
				LastUpgradeCheck = 0610;
				ORGANIZATIONNAME = "Pilotmoon Software";
				TargetAttributes = {
					01CEC7091A5D76050086DDEC = {
						CreatedOnToolsVersion = 6.1.1;
					};
				};
			};
			buildConfigurationList = 01CEC7051A5D76050086DDEC /* Build configuration list for PBXProject "InvisibleDragDropWindow" */;
			compatibilityVersion = "Xcode 3.2";
			developmentRegion = English;
			hasScannedForEncodings = 0;
			knownRegions = (
				en,
				Base,
			);
			mainGroup = 01CEC7011A5D76050086DDEC;
			productRefGroup = 01CEC70B1A5D76050086DDEC /* Products */;
			projectDirPath = "";
			projectRoot = "";
			targets = (
				01CEC7091A5D76050086DDEC /* InvisibleDragDropWindow */,
			);
		};
/* End PBXProject section */

/* Begin PBXResourcesBuildPhase section */
		01CEC7081A5D76050086DDEC /* Resources */ = {
			isa = PBXResourcesBuildPhase;
			buildActionMask = 2147483647;
			files = (
			);
			runOnlyForDeploymentPostprocessing = 0;
		};
/* End PBXResourcesBuildPhase section */

/* Begin PBXSourcesBuildPhase section */
		01CEC7061A5D76050086DDEC /* Sources */ = {
			isa = PBXSourcesBuildPhase;
			buildActionMask = 2147483647;
			files = (
				01CEC72F1A5D76330086DDEC /* DragDropWindow.m in Sources */,
				01CEC7131A5D76050086DDEC /* main.m in Sources */,
				01CEC7111A5D76050086DDEC /* AppDelegate.m in Sources */,
			);
			runOnlyForDeploymentPostprocessing = 0;
		};
/* End PBXSourcesBuildPhase section */

/* Begin XCBuildConfiguration section */
		01CEC7251A5D76050086DDEC /* Debug */ = {
			isa = XCBuildConfiguration;
			buildSettings = {
				ALWAYS_SEARCH_USER_PATHS = NO;
				CLANG_CXX_LANGUAGE_STANDARD = "gnu++0x";
				CLANG_CXX_LIBRARY = "libc++";
				CLANG_ENABLE_MODULES = YES;
				CLANG_ENABLE_OBJC_ARC = YES;
				CLANG_WARN_BOOL_CONVERSION = YES;
				CLANG_WARN_CONSTANT_CONVERSION = YES;
				CLANG_WARN_DIRECT_OBJC_ISA_USAGE = YES_ERROR;
				CLANG_WARN_EMPTY_BODY = YES;
				CLANG_WARN_ENUM_CONVERSION = YES;
				CLANG_WARN_INT_CONVERSION = YES;
				CLANG_WARN_OBJC_ROOT_CLASS = YES_ERROR;
				CLANG_WARN_UNREACHABLE_CODE = YES;
				CLANG_WARN__DUPLICATE_METHOD_MATCH = YES;
				CODE_SIGN_IDENTITY = "-";
				COPY_PHASE_STRIP = NO;
				ENABLE_STRICT_OBJC_MSGSEND = YES;
				GCC_C_LANGUAGE_STANDARD = gnu99;
				GCC_DYNAMIC_NO_PIC = NO;
				GCC_OPTIMIZATION_LEVEL = 0;
				GCC_PREPROCESSOR_DEFINITIONS = (
					"DEBUG=1",
					"$(inherited)",
				);
				GCC_SYMBOLS_PRIVATE_EXTERN = NO;
				GCC_WARN_64_TO_32_BIT_CONVERSION = YES;
				GCC_WARN_ABOUT_RETURN_TYPE = YES_ERROR;
				GCC_WARN_UNDECLARED_SELECTOR = YES;
				GCC_WARN_UNINITIALIZED_AUTOS = YES_AGGRESSIVE;
				GCC_WARN_UNUSED_FUNCTION = YES;
				GCC_WARN_UNUSED_VARIABLE = YES;
				MACOSX_DEPLOYMENT_TARGET = 10.10;
				MTL_ENABLE_DEBUG_INFO = YES;
				ONLY_ACTIVE_ARCH = YES;
				SDKROOT = macosx10.8;
			};
			name = Debug;
		};
		01CEC7261A5D76050086DDEC /* Release */ = {
			isa = XCBuildConfiguration;
			buildSettings = {
				ALWAYS_SEARCH_USER_PATHS = NO;
				CLANG_CXX_LANGUAGE_STANDARD = "gnu++0x";
				CLANG_CXX_LIBRARY = "libc++";
				CLANG_ENABLE_MODULES = YES;
				CLANG_ENABLE_OBJC_ARC = YES;
				CLANG_WARN_BOOL_CONVERSION = YES;
				CLANG_WARN_CONSTANT_CONVERSION = YES;
				CLANG_WARN_DIRECT_OBJC_ISA_USAGE = YES_ERROR;
				CLANG_WARN_EMPTY_BODY = YES;
				CLANG_WARN_ENUM_CONVERSION = YES;
				CLANG_WARN_INT_CONVERSION = YES;
				CLANG_WARN_OBJC_ROOT_CLASS = YES_ERROR;
				CLANG_WARN_UNREACHABLE_CODE = YES;
				CLANG_WARN__DUPLICATE_METHOD_MATCH = YES;
				CODE_SIGN_IDENTITY = "-";
				COPY_PHASE_STRIP = YES;
				DEBUG_INFORMATION_FORMAT = "dwarf-with-dsym";
				ENABLE_NS_ASSERTIONS = NO;
				ENABLE_STRICT_OBJC_MSGSEND = YES;
				GCC_C_LANGUAGE_STANDARD = gnu99;
				GCC_WARN_64_TO_32_BIT_CONVERSION = YES;
				GCC_WARN_ABOUT_RETURN_TYPE = YES_ERROR;
				GCC_WARN_UNDECLARED_SELECTOR = YES;
				GCC_WARN_UNINITIALIZED_AUTOS = YES_AGGRESSIVE;
				GCC_WARN_UNUSED_FUNCTION = YES;
				GCC_WARN_UNUSED_VARIABLE = YES;
				MACOSX_DEPLOYMENT_TARGET = 10.10;
				MTL_ENABLE_DEBUG_INFO = NO;
				SDKROOT = macosx10.8;
			};
			name = Release;
		};
		01CEC7281A5D76050086DDEC /* Debug */ = {
			isa = XCBuildConfiguration;
			buildSettings = {
				ASSETCATALOG_COMPILER_APPICON_NAME = AppIcon;
				COMBINE_HIDPI_IMAGES = YES;
				INFOPLIST_FILE = InvisibleDragDropWindow/Info.plist;
				LD_RUNPATH_SEARCH_PATHS = "$(inherited) @executable_path/../Frameworks";
				PRODUCT_NAME = "$(TARGET_NAME)";
				SDKROOT = macosx;
			};
			name = Debug;
		};
		01CEC7291A5D76050086DDEC /* Release */ = {
			isa = XCBuildConfiguration;
			buildSettings = {
				ASSETCATALOG_COMPILER_APPICON_NAME = AppIcon;
				COMBINE_HIDPI_IMAGES = YES;
				INFOPLIST_FILE = InvisibleDragDropWindow/Info.plist;
				LD_RUNPATH_SEARCH_PATHS = "$(inherited) @executable_path/../Frameworks";
				PRODUCT_NAME = "$(TARGET_NAME)";
				SDKROOT = macosx;
			};
			name = Release;
		};
/* End XCBuildConfiguration section */

/* Begin XCConfigurationList section */
		01CEC7051A5D76050086DDEC /* Build configuration list for PBXProject "InvisibleDragDropWindow" */ = {
			isa = XCConfigurationList;
			buildConfigurations = (
				01CEC7251A5D76050086DDEC /* Debug */,
				01CEC7261A5D76050086DDEC /* Release */,
			);
			defaultConfigurationIsVisible = 0;
			defaultConfigurationName = Release;
		};
		01CEC7271A5D76050086DDEC /* Build configuration list for PBXNativeTarget "InvisibleDragDropWindow" */ = {
			isa = XCConfigurationList;
			buildConfigurations = (
				01CEC7281A5D76050086DDEC /* Debug */,
				01CEC7291A5D76050086DDEC /* Release */,
			);
			defaultConfigurationIsVisible = 0;
			defaultConfigurationName = Release;
		};
/* End XCConfigurationList section */
	};
	rootObject = 01CEC7021A5D76050086DDEC /* Project object */;
}
